
Microsoft Visual Studio Solution File, Format Version 12.00
# Visual Studio Version 16
VisualStudioVersion = 16.0.30011.22
MinimumVisualStudioVersion = 10.0.40219.1
Project("{FAE04EC0-301F-11D3-BF4B-00C04F79EFBC}") = "UrlShortener", "UrlShortener\UrlShortener.csproj", "{2177F576-BCF7-4728-BA89-716624B53E7B}"
EndProject
Global
	GlobalSection(SolutionConfigurationPlatforms) = preSolution
		Debug|Any CPU = Debug|Any CPU
		Release|Any CPU = Release|Any CPU
	EndGlobalSection
	GlobalSection(ProjectConfigurationPlatforms) = postSolution
		{2177F576-BCF7-4728-BA89-716624B53E7B}.Debug|Any CPU.ActiveCfg = Debug|Any CPU
		{2177F576-BCF7-4728-BA89-716624B53E7B}.Debug|Any CPU.Build.0 = Debug|Any CPU
		{2177F576-BCF7-4728-BA89-716624B53E7B}.Release|Any CPU.ActiveCfg = Release|Any CPU
		{2177F576-BCF7-4728-BA89-716624B53E7B}.Release|Any CPU.Build.0 = Release|Any CPU
	EndGlobalSection
	GlobalSection(SolutionProperties) = preSolution
		HideSolutionNode = FALSE
	EndGlobalSection
	GlobalSection(ExtensibilityGlobals) = postSolution
		SolutionGuid = {031EA902-EC9A-4DAF-9160-CCB6065492F4}
	EndGlobalSection
EndGlobal
